
Microsoft Visual Studio Solution File, Format Version 12.00
# Visual Studio Version 17
VisualStudioVersion = 17.4.33103.184
MinimumVisualStudioVersion = 10.0.40219.1
Project("{FAE04EC0-301F-11D3-BF4B-00C04F79EFBC}") = "DeliveryWPF", "DeliveryWPF\DeliveryWPF.csproj", "{5362D8F2-0FB8-42E6-B969-20CD75FBF0A8}"
EndProject
Global
	GlobalSection(SolutionConfigurationPlatforms) = preSolution
		Debug|Any CPU = Debug|Any CPU
		Release|Any CPU = Release|Any CPU
	EndGlobalSection
	GlobalSection(ProjectConfigurationPlatforms) = postSolution
		{5362D8F2-0FB8-42E6-B969-20CD75FBF0A8}.Debug|Any CPU.ActiveCfg = Debug|Any CPU
		{5362D8F2-0FB8-42E6-B969-20CD75FBF0A8}.Debug|Any CPU.Build.0 = Debug|Any CPU
		{5362D8F2-0FB8-42E6-B969-20CD75FBF0A8}.Release|Any CPU.ActiveCfg = Release|Any CPU
		{5362D8F2-0FB8-42E6-B969-20CD75FBF0A8}.Release|Any CPU.Build.0 = Release|Any CPU
	EndGlobalSection
	GlobalSection(SolutionProperties) = preSolution
		HideSolutionNode = FALSE
	EndGlobalSection
	GlobalSection(ExtensibilityGlobals) = postSolution
		SolutionGuid = {52D73CE3-D490-4328-8B46-F9487CCB8114}
	EndGlobalSection
EndGlobal
